// !$*UTF8*$!
{
	archiveVersion = 1;
	classes = {
	};
	objectVersion = 56;
	objects = {

/* Begin PBXBuildFile section */
		515199822B0BC12B008538FB /* TradersApp.swift in Sources */ = {isa = PBXBuildFile; fileRef = 515199812B0BC12B008538FB /* TradersApp.swift */; };
		515199862B0BC12D008538FB /* Assets.xcassets in Resources */ = {isa = PBXBuildFile; fileRef = 515199852B0BC12D008538FB /* Assets.xcassets */; };
		515199892B0BC12D008538FB /* Preview Assets.xcassets in Resources */ = {isa = PBXBuildFile; fileRef = 515199882B0BC12D008538FB /* Preview Assets.xcassets */; };
		515199912B0BC338008538FB /* RswiftLibrary in Frameworks */ = {isa = PBXBuildFile; productRef = 515199902B0BC338008538FB /* RswiftLibrary */; };
		5151999A2B0BC44C008538FB /* Inter-ExtraBold.ttf in Resources */ = {isa = PBXBuildFile; fileRef = 515199962B0BC44C008538FB /* Inter-ExtraBold.ttf */; };
		5151999B2B0BC44C008538FB /* Inter-Bold.ttf in Resources */ = {isa = PBXBuildFile; fileRef = 515199972B0BC44C008538FB /* Inter-Bold.ttf */; };
		5151999C2B0BC44C008538FB /* Inter-Medium.ttf in Resources */ = {isa = PBXBuildFile; fileRef = 515199982B0BC44C008538FB /* Inter-Medium.ttf */; };
		5151999D2B0BC44C008538FB /* Inter-SemiBold.ttf in Resources */ = {isa = PBXBuildFile; fileRef = 515199992B0BC44C008538FB /* Inter-SemiBold.ttf */; };
		515199A42B0BC776008538FB /* Resource+SwiftUI.swift in Sources */ = {isa = PBXBuildFile; fileRef = 515199A32B0BC776008538FB /* Resource+SwiftUI.swift */; };
		515199A92B0BC992008538FB /* Localizable.strings in Resources */ = {isa = PBXBuildFile; fileRef = 515199AB2B0BC992008538FB /* Localizable.strings */; };
		515199B02B0BCDE3008538FB /* LaunchView.swift in Sources */ = {isa = PBXBuildFile; fileRef = 515199AF2B0BCDE3008538FB /* LaunchView.swift */; };
		515199BB2B0BD4A8008538FB /* LaunchScreen.storyboard in Resources */ = {isa = PBXBuildFile; fileRef = 515199BA2B0BD4A7008538FB /* LaunchScreen.storyboard */; };
		515199C32B0BDD3B008538FB /* RoundedProgressView.swift in Sources */ = {isa = PBXBuildFile; fileRef = 515199C22B0BDD3B008538FB /* RoundedProgressView.swift */; };
		51FDE2682B0BF05E006C2E5D /* LoadingManager.swift in Sources */ = {isa = PBXBuildFile; fileRef = 51FDE2672B0BF05E006C2E5D /* LoadingManager.swift */; };
		51FDE26C2B0BF0F1006C2E5D /* TabBarView.swift in Sources */ = {isa = PBXBuildFile; fileRef = 51FDE26B2B0BF0F1006C2E5D /* TabBarView.swift */; };
		51FDE2712B0BF73E006C2E5D /* AppDelegate.swift in Sources */ = {isa = PBXBuildFile; fileRef = 51FDE2702B0BF73E006C2E5D /* AppDelegate.swift */; };
		51FDE2782B0BFB7F006C2E5D /* TopView.swift in Sources */ = {isa = PBXBuildFile; fileRef = 51FDE2772B0BFB7F006C2E5D /* TopView.swift */; };
		51FDE27C2B0BFFBE006C2E5D /* TradeView.swift in Sources */ = {isa = PBXBuildFile; fileRef = 51FDE27B2B0BFFBE006C2E5D /* TradeView.swift */; };
/* End PBXBuildFile section */

/* Begin PBXFileReference section */
		5151997E2B0BC12B008538FB /* Traders.app */ = {isa = PBXFileReference; explicitFileType = wrapper.application; includeInIndex = 0; path = Traders.app; sourceTree = BUILT_PRODUCTS_DIR; };
		515199812B0BC12B008538FB /* TradersApp.swift */ = {isa = PBXFileReference; lastKnownFileType = sourcecode.swift; path = TradersApp.swift; sourceTree = "<group>"; };
		515199852B0BC12D008538FB /* Assets.xcassets */ = {isa = PBXFileReference; lastKnownFileType = folder.assetcatalog; path = Assets.xcassets; sourceTree = "<group>"; };
		515199882B0BC12D008538FB /* Preview Assets.xcassets */ = {isa = PBXFileReference; lastKnownFileType = folder.assetcatalog; path = "Preview Assets.xcassets"; sourceTree = "<group>"; };
		515199962B0BC44C008538FB /* Inter-ExtraBold.ttf */ = {isa = PBXFileReference; lastKnownFileType = file; path = "Inter-ExtraBold.ttf"; sourceTree = "<group>"; };
		515199972B0BC44C008538FB /* Inter-Bold.ttf */ = {isa = PBXFileReference; lastKnownFileType = file; path = "Inter-Bold.ttf"; sourceTree = "<group>"; };
		515199982B0BC44C008538FB /* Inter-Medium.ttf */ = {isa = PBXFileReference; lastKnownFileType = file; path = "Inter-Medium.ttf"; sourceTree = "<group>"; };
		515199992B0BC44C008538FB /* Inter-SemiBold.ttf */ = {isa = PBXFileReference; lastKnownFileType = file; path = "Inter-SemiBold.ttf"; sourceTree = "<group>"; };
		5151999E2B0BC4B2008538FB /* Info.plist */ = {isa = PBXFileReference; lastKnownFileType = text.plist.xml; path = Info.plist; sourceTree = "<group>"; };
		515199A32B0BC776008538FB /* Resource+SwiftUI.swift */ = {isa = PBXFileReference; lastKnownFileType = sourcecode.swift; path = "Resource+SwiftUI.swift"; sourceTree = "<group>"; };
		515199AA2B0BC992008538FB /* en */ = {isa = PBXFileReference; lastKnownFileType = text.plist.strings; name = en; path = en.lproj/Localizable.strings; sourceTree = "<group>"; };
		515199AF2B0BCDE3008538FB /* LaunchView.swift */ = {isa = PBXFileReference; lastKnownFileType = sourcecode.swift; path = LaunchView.swift; sourceTree = "<group>"; };
		515199BA2B0BD4A7008538FB /* LaunchScreen.storyboard */ = {isa = PBXFileReference; lastKnownFileType = file.storyboard; path = LaunchScreen.storyboard; sourceTree = "<group>"; };
		515199C22B0BDD3B008538FB /* RoundedProgressView.swift */ = {isa = PBXFileReference; lastKnownFileType = sourcecode.swift; path = RoundedProgressView.swift; sourceTree = "<group>"; };
		51FDE2672B0BF05E006C2E5D /* LoadingManager.swift */ = {isa = PBXFileReference; lastKnownFileType = sourcecode.swift; path = LoadingManager.swift; sourceTree = "<group>"; };
		51FDE26B2B0BF0F1006C2E5D /* TabBarView.swift */ = {isa = PBXFileReference; lastKnownFileType = sourcecode.swift; path = TabBarView.swift; sourceTree = "<group>"; };
		51FDE2702B0BF73E006C2E5D /* AppDelegate.swift */ = {isa = PBXFileReference; lastKnownFileType = sourcecode.swift; path = AppDelegate.swift; sourceTree = "<group>"; };
		51FDE2732B0BF9B8006C2E5D /* Traders.entitlements */ = {isa = PBXFileReference; lastKnownFileType = text.plist.entitlements; path = Traders.entitlements; sourceTree = "<group>"; };
		51FDE2772B0BFB7F006C2E5D /* TopView.swift */ = {isa = PBXFileReference; lastKnownFileType = sourcecode.swift; path = TopView.swift; sourceTree = "<group>"; };
		51FDE27B2B0BFFBE006C2E5D /* TradeView.swift */ = {isa = PBXFileReference; lastKnownFileType = sourcecode.swift; path = TradeView.swift; sourceTree = "<group>"; };
/* End PBXFileReference section */

/* Begin PBXFrameworksBuildPhase section */
		5151997B2B0BC12B008538FB /* Frameworks */ = {
			isa = PBXFrameworksBuildPhase;
			buildActionMask = 2147483647;
			files = (
				515199912B0BC338008538FB /* RswiftLibrary in Frameworks */,
			);
			runOnlyForDeploymentPostprocessing = 0;
		};
/* End PBXFrameworksBuildPhase section */

/* Begin PBXGroup section */
		515199752B0BC12B008538FB = {
			isa = PBXGroup;
			children = (
				515199802B0BC12B008538FB /* Traders */,
				5151997F2B0BC12B008538FB /* Products */,
			);
			sourceTree = "<group>";
		};
		5151997F2B0BC12B008538FB /* Products */ = {
			isa = PBXGroup;
			children = (
				5151997E2B0BC12B008538FB /* Traders.app */,
			);
			name = Products;
			sourceTree = "<group>";
		};
		515199802B0BC12B008538FB /* Traders */ = {
			isa = PBXGroup;
			children = (
				51FDE2732B0BF9B8006C2E5D /* Traders.entitlements */,
				51FDE2642B0BF02F006C2E5D /* Managers */,
				515199A02B0BC6E5008538FB /* Extensions */,
				515199AC2B0BCB87008538FB /* UI */,
				515199812B0BC12B008538FB /* TradersApp.swift */,
				51FDE2702B0BF73E006C2E5D /* AppDelegate.swift */,
				515199942B0BC3E8008538FB /* Resources */,
				515199872B0BC12D008538FB /* Preview Content */,
			);
			path = Traders;
			sourceTree = "<group>";
		};
		515199872B0BC12D008538FB /* Preview Content */ = {
			isa = PBXGroup;
			children = (
				515199882B0BC12D008538FB /* Preview Assets.xcassets */,
			);
			path = "Preview Content";
			sourceTree = "<group>";
		};
		515199942B0BC3E8008538FB /* Resources */ = {
			isa = PBXGroup;
			children = (
				5151999E2B0BC4B2008538FB /* Info.plist */,
				515199952B0BC3F6008538FB /* Fonts */,
				515199852B0BC12D008538FB /* Assets.xcassets */,
				515199AB2B0BC992008538FB /* Localizable.strings */,
			);
			path = Resources;
			sourceTree = "<group>";
		};
		515199952B0BC3F6008538FB /* Fonts */ = {
			isa = PBXGroup;
			children = (
				515199972B0BC44C008538FB /* Inter-Bold.ttf */,
				515199962B0BC44C008538FB /* Inter-ExtraBold.ttf */,
				515199982B0BC44C008538FB /* Inter-Medium.ttf */,
				515199992B0BC44C008538FB /* Inter-SemiBold.ttf */,
			);
			path = Fonts;
			sourceTree = "<group>";
		};
		515199A02B0BC6E5008538FB /* Extensions */ = {
			isa = PBXGroup;
			children = (
				515199A32B0BC776008538FB /* Resource+SwiftUI.swift */,
			);
			path = Extensions;
			sourceTree = "<group>";
		};
		515199AC2B0BCB87008538FB /* UI */ = {
			isa = PBXGroup;
			children = (
				515199BF2B0BDD06008538FB /* Components */,
				515199AE2B0BCDCD008538FB /* Launch */,
				51FDE26A2B0BF0AB006C2E5D /* TabBar */,
				51FDE27A2B0BFFA1006C2E5D /* Trade */,
				51FDE2752B0BFB4B006C2E5D /* Top */,
			);
			path = UI;
			sourceTree = "<group>";
		};
		515199AE2B0BCDCD008538FB /* Launch */ = {
			isa = PBXGroup;
			children = (
				515199AF2B0BCDE3008538FB /* LaunchView.swift */,
				515199BA2B0BD4A7008538FB /* LaunchScreen.storyboard */,
			);
			path = Launch;
			sourceTree = "<group>";
		};
		515199BF2B0BDD06008538FB /* Components */ = {
			isa = PBXGroup;
			children = (
				515199C22B0BDD3B008538FB /* RoundedProgressView.swift */,
			);
			path = Components;
			sourceTree = "<group>";
		};
		51FDE2642B0BF02F006C2E5D /* Managers */ = {
			isa = PBXGroup;
			children = (
				51FDE2672B0BF05E006C2E5D /* LoadingManager.swift */,
			);
			path = Managers;
			sourceTree = "<group>";
		};
		51FDE26A2B0BF0AB006C2E5D /* TabBar */ = {
			isa = PBXGroup;
			children = (
				51FDE26B2B0BF0F1006C2E5D /* TabBarView.swift */,
			);
			path = TabBar;
			sourceTree = "<group>";
		};
		51FDE2752B0BFB4B006C2E5D /* Top */ = {
			isa = PBXGroup;
			children = (
				51FDE2772B0BFB7F006C2E5D /* TopView.swift */,
			);
			path = Top;
			sourceTree = "<group>";
		};
		51FDE27A2B0BFFA1006C2E5D /* Trade */ = {
			isa = PBXGroup;
			children = (
				51FDE27B2B0BFFBE006C2E5D /* TradeView.swift */,
			);
			path = Trade;
			sourceTree = "<group>";
		};
/* End PBXGroup section */

/* Begin PBXNativeTarget section */
		5151997D2B0BC12B008538FB /* Traders */ = {
			isa = PBXNativeTarget;
			buildConfigurationList = 5151998C2B0BC12D008538FB /* Build configuration list for PBXNativeTarget "Traders" */;
			buildPhases = (
				5151997A2B0BC12B008538FB /* Sources */,
				5151997B2B0BC12B008538FB /* Frameworks */,
				5151997C2B0BC12B008538FB /* Resources */,
			);
			buildRules = (
			);
			dependencies = (
				515199932B0BC366008538FB /* PBXTargetDependency */,
			);
			name = Traders;
			packageProductDependencies = (
				515199902B0BC338008538FB /* RswiftLibrary */,
			);
			productName = Traders;
			productReference = 5151997E2B0BC12B008538FB /* Traders.app */;
			productType = "com.apple.product-type.application";
		};
/* End PBXNativeTarget section */

/* Begin PBXProject section */
		515199762B0BC12B008538FB /* Project object */ = {
			isa = PBXProject;
			attributes = {
				BuildIndependentTargetsInParallel = 1;
				LastSwiftUpdateCheck = 1430;
				LastUpgradeCheck = 1430;
				TargetAttributes = {
					5151997D2B0BC12B008538FB = {
						CreatedOnToolsVersion = 14.3.1;
					};
				};
			};
			buildConfigurationList = 515199792B0BC12B008538FB /* Build configuration list for PBXProject "Traders" */;
			compatibilityVersion = "Xcode 14.0";
			developmentRegion = en;
			hasScannedForEncodings = 0;
			knownRegions = (
				en,
				Base,
			);
			mainGroup = 515199752B0BC12B008538FB;
			packageReferences = (
				5151998F2B0BC338008538FB /* XCRemoteSwiftPackageReference "R" */,
			);
			productRefGroup = 5151997F2B0BC12B008538FB /* Products */;
			projectDirPath = "";
			projectRoot = "";
			targets = (
				5151997D2B0BC12B008538FB /* Traders */,
			);
		};
/* End PBXProject section */

/* Begin PBXResourcesBuildPhase section */
		5151997C2B0BC12B008538FB /* Resources */ = {
			isa = PBXResourcesBuildPhase;
			buildActionMask = 2147483647;
			files = (
				5151999D2B0BC44C008538FB /* Inter-SemiBold.ttf in Resources */,
				515199892B0BC12D008538FB /* Preview Assets.xcassets in Resources */,
				515199BB2B0BD4A8008538FB /* LaunchScreen.storyboard in Resources */,
				515199862B0BC12D008538FB /* Assets.xcassets in Resources */,
				515199A92B0BC992008538FB /* Localizable.strings in Resources */,
				5151999B2B0BC44C008538FB /* Inter-Bold.ttf in Resources */,
				5151999C2B0BC44C008538FB /* Inter-Medium.ttf in Resources */,
				5151999A2B0BC44C008538FB /* Inter-ExtraBold.ttf in Resources */,
			);
			runOnlyForDeploymentPostprocessing = 0;
		};
/* End PBXResourcesBuildPhase section */

/* Begin PBXSourcesBuildPhase section */
		5151997A2B0BC12B008538FB /* Sources */ = {
			isa = PBXSourcesBuildPhase;
			buildActionMask = 2147483647;
			files = (
				515199A42B0BC776008538FB /* Resource+SwiftUI.swift in Sources */,
				51FDE26C2B0BF0F1006C2E5D /* TabBarView.swift in Sources */,
				515199822B0BC12B008538FB /* TradersApp.swift in Sources */,
				51FDE27C2B0BFFBE006C2E5D /* TradeView.swift in Sources */,
				51FDE2682B0BF05E006C2E5D /* LoadingManager.swift in Sources */,
				51FDE2782B0BFB7F006C2E5D /* TopView.swift in Sources */,
				51FDE2712B0BF73E006C2E5D /* AppDelegate.swift in Sources */,
				515199C32B0BDD3B008538FB /* RoundedProgressView.swift in Sources */,
				515199B02B0BCDE3008538FB /* LaunchView.swift in Sources */,
			);
			runOnlyForDeploymentPostprocessing = 0;
		};
/* End PBXSourcesBuildPhase section */

/* Begin PBXTargetDependency section */
		515199932B0BC366008538FB /* PBXTargetDependency */ = {
			isa = PBXTargetDependency;
			productRef = 515199922B0BC366008538FB /* RswiftGenerateInternalResources */;
		};
/* End PBXTargetDependency section */

/* Begin PBXVariantGroup section */
		515199AB2B0BC992008538FB /* Localizable.strings */ = {
			isa = PBXVariantGroup;
			children = (
				515199AA2B0BC992008538FB /* en */,
			);
			name = Localizable.strings;
			sourceTree = "<group>";
		};
/* End PBXVariantGroup section */

/* Begin XCBuildConfiguration section */
		5151998A2B0BC12D008538FB /* Debug */ = {
			isa = XCBuildConfiguration;
			buildSettings = {
				ALWAYS_SEARCH_USER_PATHS = NO;
				CLANG_ANALYZER_NONNULL = YES;
				CLANG_ANALYZER_NUMBER_OBJECT_CONVERSION = YES_AGGRESSIVE;
				CLANG_CXX_LANGUAGE_STANDARD = "gnu++20";
				CLANG_ENABLE_MODULES = YES;
				CLANG_ENABLE_OBJC_ARC = YES;
				CLANG_ENABLE_OBJC_WEAK = YES;
				CLANG_WARN_BLOCK_CAPTURE_AUTORELEASING = YES;
				CLANG_WARN_BOOL_CONVERSION = YES;
				CLANG_WARN_COMMA = YES;
				CLANG_WARN_CONSTANT_CONVERSION = YES;
				CLANG_WARN_DEPRECATED_OBJC_IMPLEMENTATIONS = YES;
				CLANG_WARN_DIRECT_OBJC_ISA_USAGE = YES_ERROR;
				CLANG_WARN_DOCUMENTATION_COMMENTS = YES;
				CLANG_WARN_EMPTY_BODY = YES;
				CLANG_WARN_ENUM_CONVERSION = YES;
				CLANG_WARN_INFINITE_RECURSION = YES;
				CLANG_WARN_INT_CONVERSION = YES;
				CLANG_WARN_NON_LITERAL_NULL_CONVERSION = YES;
				CLANG_WARN_OBJC_IMPLICIT_RETAIN_SELF = YES;
				CLANG_WARN_OBJC_LITERAL_CONVERSION = YES;
				CLANG_WARN_OBJC_ROOT_CLASS = YES_ERROR;
				CLANG_WARN_QUOTED_INCLUDE_IN_FRAMEWORK_HEADER = YES;
				CLANG_WARN_RANGE_LOOP_ANALYSIS = YES;
				CLANG_WARN_STRICT_PROTOTYPES = YES;
				CLANG_WARN_SUSPICIOUS_MOVE = YES;
				CLANG_WARN_UNGUARDED_AVAILABILITY = YES_AGGRESSIVE;
				CLANG_WARN_UNREACHABLE_CODE = YES;
				CLANG_WARN__DUPLICATE_METHOD_MATCH = YES;
				COPY_PHASE_STRIP = NO;
				DEBUG_INFORMATION_FORMAT = dwarf;
				ENABLE_STRICT_OBJC_MSGSEND = YES;
				ENABLE_TESTABILITY = YES;
				GCC_C_LANGUAGE_STANDARD = gnu11;
				GCC_DYNAMIC_NO_PIC = NO;
				GCC_NO_COMMON_BLOCKS = YES;
				GCC_OPTIMIZATION_LEVEL = 0;
				GCC_PREPROCESSOR_DEFINITIONS = (
					"DEBUG=1",
					"$(inherited)",
				);
				GCC_WARN_64_TO_32_BIT_CONVERSION = YES;
				GCC_WARN_ABOUT_RETURN_TYPE = YES_ERROR;
				GCC_WARN_UNDECLARED_SELECTOR = YES;
				GCC_WARN_UNINITIALIZED_AUTOS = YES_AGGRESSIVE;
				GCC_WARN_UNUSED_FUNCTION = YES;
				GCC_WARN_UNUSED_VARIABLE = YES;
				IPHONEOS_DEPLOYMENT_TARGET = 16.4;
				MTL_ENABLE_DEBUG_INFO = INCLUDE_SOURCE;
				MTL_FAST_MATH = YES;
				ONLY_ACTIVE_ARCH = YES;
				SDKROOT = iphoneos;
				SWIFT_ACTIVE_COMPILATION_CONDITIONS = DEBUG;
				SWIFT_OPTIMIZATION_LEVEL = "-Onone";
			};
			name = Debug;
		};
		5151998B2B0BC12D008538FB /* Release */ = {
			isa = XCBuildConfiguration;
			buildSettings = {
				ALWAYS_SEARCH_USER_PATHS = NO;
				CLANG_ANALYZER_NONNULL = YES;
				CLANG_ANALYZER_NUMBER_OBJECT_CONVERSION = YES_AGGRESSIVE;
				CLANG_CXX_LANGUAGE_STANDARD = "gnu++20";
				CLANG_ENABLE_MODULES = YES;
				CLANG_ENABLE_OBJC_ARC = YES;
				CLANG_ENABLE_OBJC_WEAK = YES;
				CLANG_WARN_BLOCK_CAPTURE_AUTORELEASING = YES;
				CLANG_WARN_BOOL_CONVERSION = YES;
				CLANG_WARN_COMMA = YES;
				CLANG_WARN_CONSTANT_CONVERSION = YES;
				CLANG_WARN_DEPRECATED_OBJC_IMPLEMENTATIONS = YES;
				CLANG_WARN_DIRECT_OBJC_ISA_USAGE = YES_ERROR;
				CLANG_WARN_DOCUMENTATION_COMMENTS = YES;
				CLANG_WARN_EMPTY_BODY = YES;
				CLANG_WARN_ENUM_CONVERSION = YES;
				CLANG_WARN_INFINITE_RECURSION = YES;
				CLANG_WARN_INT_CONVERSION = YES;
				CLANG_WARN_NON_LITERAL_NULL_CONVERSION = YES;
				CLANG_WARN_OBJC_IMPLICIT_RETAIN_SELF = YES;
				CLANG_WARN_OBJC_LITERAL_CONVERSION = YES;
				CLANG_WARN_OBJC_ROOT_CLASS = YES_ERROR;
				CLANG_WARN_QUOTED_INCLUDE_IN_FRAMEWORK_HEADER = YES;
				CLANG_WARN_RANGE_LOOP_ANALYSIS = YES;
				CLANG_WARN_STRICT_PROTOTYPES = YES;
				CLANG_WARN_SUSPICIOUS_MOVE = YES;
				CLANG_WARN_UNGUARDED_AVAILABILITY = YES_AGGRESSIVE;
				CLANG_WARN_UNREACHABLE_CODE = YES;
				CLANG_WARN__DUPLICATE_METHOD_MATCH = YES;
				COPY_PHASE_STRIP = NO;
				DEBUG_INFORMATION_FORMAT = "dwarf-with-dsym";
				ENABLE_NS_ASSERTIONS = NO;
				ENABLE_STRICT_OBJC_MSGSEND = YES;
				GCC_C_LANGUAGE_STANDARD = gnu11;
				GCC_NO_COMMON_BLOCKS = YES;
				GCC_WARN_64_TO_32_BIT_CONVERSION = YES;
				GCC_WARN_ABOUT_RETURN_TYPE = YES_ERROR;
				GCC_WARN_UNDECLARED_SELECTOR = YES;
				GCC_WARN_UNINITIALIZED_AUTOS = YES_AGGRESSIVE;
				GCC_WARN_UNUSED_FUNCTION = YES;
				GCC_WARN_UNUSED_VARIABLE = YES;
				IPHONEOS_DEPLOYMENT_TARGET = 16.4;
				MTL_ENABLE_DEBUG_INFO = NO;
				MTL_FAST_MATH = YES;
				SDKROOT = iphoneos;
				SWIFT_COMPILATION_MODE = wholemodule;
				SWIFT_OPTIMIZATION_LEVEL = "-O";
				VALIDATE_PRODUCT = YES;
			};
			name = Release;
		};
		5151998D2B0BC12D008538FB /* Debug */ = {
			isa = XCBuildConfiguration;
			buildSettings = {
				ASSETCATALOG_COMPILER_APPICON_NAME = AppIcon;
				ASSETCATALOG_COMPILER_GLOBAL_ACCENT_COLOR_NAME = AccentColor;
				CODE_SIGN_ENTITLEMENTS = Traders/Traders.entitlements;
				CODE_SIGN_STYLE = Automatic;
				CURRENT_PROJECT_VERSION = 1;
				DEVELOPMENT_ASSET_PATHS = "\"Traders/Preview Content\"";
				ENABLE_PREVIEWS = YES;
				GENERATE_INFOPLIST_FILE = YES;
				INFOPLIST_FILE = Traders/Resources/Info.plist;
				INFOPLIST_KEY_UIApplicationSceneManifest_Generation = YES;
				INFOPLIST_KEY_UIApplicationSupportsIndirectInputEvents = YES;
				INFOPLIST_KEY_UILaunchStoryboardName = LaunchScreen.storyboard;
				INFOPLIST_KEY_UIStatusBarStyle = UIStatusBarStyleLightContent;
				INFOPLIST_KEY_UISupportedInterfaceOrientations = UIInterfaceOrientationPortrait;
				INFOPLIST_KEY_UISupportedInterfaceOrientations_iPad = "UIInterfaceOrientationPortrait UIInterfaceOrientationPortraitUpsideDown";
				IPHONEOS_DEPLOYMENT_TARGET = 14.0;
				LD_RUNPATH_SEARCH_PATHS = (
					"$(inherited)",
					"@executable_path/Frameworks",
				);
				MARKETING_VERSION = 1.0;
				PRODUCT_BUNDLE_IDENTIFIER = com.masalkin.Traders;
				PRODUCT_NAME = "$(TARGET_NAME)";
				SWIFT_EMIT_LOC_STRINGS = YES;
				SWIFT_VERSION = 5.0;
				TARGETED_DEVICE_FAMILY = "1,2";
			};
			name = Debug;
		};
		5151998E2B0BC12D008538FB /* Release */ = {
			isa = XCBuildConfiguration;
			buildSettings = {
				ASSETCATALOG_COMPILER_APPICON_NAME = AppIcon;
				ASSETCATALOG_COMPILER_GLOBAL_ACCENT_COLOR_NAME = AccentColor;
				CODE_SIGN_ENTITLEMENTS = Traders/Traders.entitlements;
				CODE_SIGN_STYLE = Automatic;
				CURRENT_PROJECT_VERSION = 1;
				DEVELOPMENT_ASSET_PATHS = "\"Traders/Preview Content\"";
				ENABLE_PREVIEWS = YES;
				GENERATE_INFOPLIST_FILE = YES;
				INFOPLIST_FILE = Traders/Resources/Info.plist;
				INFOPLIST_KEY_UIApplicationSceneManifest_Generation = YES;
				INFOPLIST_KEY_UIApplicationSupportsIndirectInputEvents = YES;
				INFOPLIST_KEY_UILaunchStoryboardName = LaunchScreen.storyboard;
				INFOPLIST_KEY_UIStatusBarStyle = UIStatusBarStyleLightContent;
				INFOPLIST_KEY_UISupportedInterfaceOrientations = UIInterfaceOrientationPortrait;
				INFOPLIST_KEY_UISupportedInterfaceOrientations_iPad = "UIInterfaceOrientationPortrait UIInterfaceOrientationPortraitUpsideDown";
				IPHONEOS_DEPLOYMENT_TARGET = 14.0;
				LD_RUNPATH_SEARCH_PATHS = (
					"$(inherited)",
					"@executable_path/Frameworks",
				);
				MARKETING_VERSION = 1.0;
				PRODUCT_BUNDLE_IDENTIFIER = com.masalkin.Traders;
				PRODUCT_NAME = "$(TARGET_NAME)";
				SWIFT_EMIT_LOC_STRINGS = YES;
				SWIFT_VERSION = 5.0;
				TARGETED_DEVICE_FAMILY = "1,2";
			};
			name = Release;
		};
/* End XCBuildConfiguration section */

/* Begin XCConfigurationList section */
		515199792B0BC12B008538FB /* Build configuration list for PBXProject "Traders" */ = {
			isa = XCConfigurationList;
			buildConfigurations = (
				5151998A2B0BC12D008538FB /* Debug */,
				5151998B2B0BC12D008538FB /* Release */,
			);
			defaultConfigurationIsVisible = 0;
			defaultConfigurationName = Release;
		};
		5151998C2B0BC12D008538FB /* Build configuration list for PBXNativeTarget "Traders" */ = {
			isa = XCConfigurationList;
			buildConfigurations = (
				5151998D2B0BC12D008538FB /* Debug */,
				5151998E2B0BC12D008538FB /* Release */,
			);
			defaultConfigurationIsVisible = 0;
			defaultConfigurationName = Release;
		};
/* End XCConfigurationList section */

/* Begin XCRemoteSwiftPackageReference section */
		5151998F2B0BC338008538FB /* XCRemoteSwiftPackageReference "R" */ = {
			isa = XCRemoteSwiftPackageReference;
			repositoryURL = "https://github.com/mac-cain13/R.swift";
			requirement = {
				kind = upToNextMajorVersion;
				minimumVersion = 7.0.0;
			};
		};
/* End XCRemoteSwiftPackageReference section */

/* Begin XCSwiftPackageProductDependency section */
		515199902B0BC338008538FB /* RswiftLibrary */ = {
			isa = XCSwiftPackageProductDependency;
			package = 5151998F2B0BC338008538FB /* XCRemoteSwiftPackageReference "R" */;
			productName = RswiftLibrary;
		};
		515199922B0BC366008538FB /* RswiftGenerateInternalResources */ = {
			isa = XCSwiftPackageProductDependency;
			productName = "plugin:RswiftGenerateInternalResources";
		};
/* End XCSwiftPackageProductDependency section */
	};
	rootObject = 515199762B0BC12B008538FB /* Project object */;
}
